
Microsoft Visual Studio Solution File, Format Version 12.00
# Visual Studio Version 16
VisualStudioVersion = 16.0.34301.259
MinimumVisualStudioVersion = 10.0.40219.1
Project("{FAE04EC0-301F-11D3-BF4B-00C04F79EFBC}") = "Lab_9_Lesson", "Lab_9_Lesson\Lab_9_Lesson.csproj", "{A8684587-A869-40BE-BC58-6888840EC22E}"
EndProject
Project("{FAE04EC0-301F-11D3-BF4B-00C04F79EFBC}") = "Lab9_Practic", "Lab9_Practic\Lab9_Practic.csproj", "{0747365E-52B5-4D37-BCAB-794F6975AFA1}"
EndProject
Project("{FAE04EC0-301F-11D3-BF4B-00C04F79EFBC}") = "Lab9_HW", "Lab9_HW\Lab9_HW.csproj", "{481D5961-07DA-41AA-AB8F-E867CF92A493}"
EndProject
Global
	GlobalSection(SolutionConfigurationPlatforms) = preSolution
		Debug|Any CPU = Debug|Any CPU
		Release|Any CPU = Release|Any CPU
	EndGlobalSection
	GlobalSection(ProjectConfigurationPlatforms) = postSolution
		{A8684587-A869-40BE-BC58-6888840EC22E}.Debug|Any CPU.ActiveCfg = Debug|Any CPU
		{A8684587-A869-40BE-BC58-6888840EC22E}.Debug|Any CPU.Build.0 = Debug|Any CPU
		{A8684587-A869-40BE-BC58-6888840EC22E}.Release|Any CPU.ActiveCfg = Release|Any CPU
		{A8684587-A869-40BE-BC58-6888840EC22E}.Release|Any CPU.Build.0 = Release|Any CPU
		{0747365E-52B5-4D37-BCAB-794F6975AFA1}.Debug|Any CPU.ActiveCfg = Debug|Any CPU
		{0747365E-52B5-4D37-BCAB-794F6975AFA1}.Debug|Any CPU.Build.0 = Debug|Any CPU
		{0747365E-52B5-4D37-BCAB-794F6975AFA1}.Release|Any CPU.ActiveCfg = Release|Any CPU
		{0747365E-52B5-4D37-BCAB-794F6975AFA1}.Release|Any CPU.Build.0 = Release|Any CPU
		{481D5961-07DA-41AA-AB8F-E867CF92A493}.Debug|Any CPU.ActiveCfg = Debug|Any CPU
		{481D5961-07DA-41AA-AB8F-E867CF92A493}.Debug|Any CPU.Build.0 = Debug|Any CPU
		{481D5961-07DA-41AA-AB8F-E867CF92A493}.Release|Any CPU.ActiveCfg = Release|Any CPU
		{481D5961-07DA-41AA-AB8F-E867CF92A493}.Release|Any CPU.Build.0 = Release|Any CPU
	EndGlobalSection
	GlobalSection(SolutionProperties) = preSolution
		HideSolutionNode = FALSE
	EndGlobalSection
	GlobalSection(ExtensibilityGlobals) = postSolution
		SolutionGuid = {4C63CE7C-F212-498A-859D-9669F0DAB893}
	EndGlobalSection
EndGlobal
