
Microsoft Visual Studio Solution File, Format Version 12.00
# Visual Studio Version 16
VisualStudioVersion = 16.0.34301.259
MinimumVisualStudioVersion = 10.0.40219.1
Project("{FAE04EC0-301F-11D3-BF4B-00C04F79EFBC}") = "Lab19HW", "Lab19HW\Lab19HW.csproj", "{2D59B271-C1C8-419E-BDB3-1197932BE171}"
EndProject
Global
	GlobalSection(SolutionConfigurationPlatforms) = preSolution
		Debug|Any CPU = Debug|Any CPU
		Release|Any CPU = Release|Any CPU
	EndGlobalSection
	GlobalSection(ProjectConfigurationPlatforms) = postSolution
		{2D59B271-C1C8-419E-BDB3-1197932BE171}.Debug|Any CPU.ActiveCfg = Debug|Any CPU
		{2D59B271-C1C8-419E-BDB3-1197932BE171}.Debug|Any CPU.Build.0 = Debug|Any CPU
		{2D59B271-C1C8-419E-BDB3-1197932BE171}.Release|Any CPU.ActiveCfg = Release|Any CPU
		{2D59B271-C1C8-419E-BDB3-1197932BE171}.Release|Any CPU.Build.0 = Release|Any CPU
	EndGlobalSection
	GlobalSection(SolutionProperties) = preSolution
		HideSolutionNode = FALSE
	EndGlobalSection
	GlobalSection(ExtensibilityGlobals) = postSolution
		SolutionGuid = {371B6147-A031-42ED-A0DE-ADE2961DE06B}
	EndGlobalSection
EndGlobal
