
Microsoft Visual Studio Solution File, Format Version 12.00
# Visual Studio Version 16
VisualStudioVersion = 16.0.34031.81
MinimumVisualStudioVersion = 10.0.40219.1
Project("{FAE04EC0-301F-11D3-BF4B-00C04F79EFBC}") = "Lab5_HW", "Lab5_HW\Lab5_HW.csproj", "{A94B0DA3-E430-4806-BC4E-B991CD08E070}"
EndProject
Global
	GlobalSection(SolutionConfigurationPlatforms) = preSolution
		Debug|Any CPU = Debug|Any CPU
		Release|Any CPU = Release|Any CPU
	EndGlobalSection
	GlobalSection(ProjectConfigurationPlatforms) = postSolution
		{A94B0DA3-E430-4806-BC4E-B991CD08E070}.Debug|Any CPU.ActiveCfg = Debug|Any CPU
		{A94B0DA3-E430-4806-BC4E-B991CD08E070}.Debug|Any CPU.Build.0 = Debug|Any CPU
		{A94B0DA3-E430-4806-BC4E-B991CD08E070}.Release|Any CPU.ActiveCfg = Release|Any CPU
		{A94B0DA3-E430-4806-BC4E-B991CD08E070}.Release|Any CPU.Build.0 = Release|Any CPU
	EndGlobalSection
	GlobalSection(SolutionProperties) = preSolution
		HideSolutionNode = FALSE
	EndGlobalSection
	GlobalSection(ExtensibilityGlobals) = postSolution
		SolutionGuid = {30C8FF39-8462-408F-A914-06057E47837D}
	EndGlobalSection
EndGlobal
